// !$*UTF8*$!
{
	archiveVersion = 1;
	classes = {
	};
	objectVersion = 50;
	objects = {

/* Begin PBXBuildFile section */
		3F89A603B22E1DCA56BDBD09 /* libPods-LiveCamera.a in Frameworks */ = {isa = PBXBuildFile; fileRef = AA896D5CA9C4F25FF6F78E68 /* libPods-LiveCamera.a */; };
		FF3A282E2136310000EB94B8 /* AppDelegate.m in Sources */ = {isa = PBXBuildFile; fileRef = FF3A282D2136310000EB94B8 /* AppDelegate.m */; };
		FF3A28362136310200EB94B8 /* Assets.xcassets in Resources */ = {isa = PBXBuildFile; fileRef = FF3A28352136310200EB94B8 /* Assets.xcassets */; };
		FF3A283C2136310200EB94B8 /* main.m in Sources */ = {isa = PBXBuildFile; fileRef = FF3A283B2136310200EB94B8 /* main.m */; };
		FF3A28462136310200EB94B8 /* LiveCameraTests.m in Sources */ = {isa = PBXBuildFile; fileRef = FF3A28452136310200EB94B8 /* LiveCameraTests.m */; };
		FF3A285E2136332400EB94B8 /* LoginViewController.m in Sources */ = {isa = PBXBuildFile; fileRef = FF3A285C2136332400EB94B8 /* LoginViewController.m */; };
		FF3A285F2136332400EB94B8 /* LoginViewController.xib in Resources */ = {isa = PBXBuildFile; fileRef = FF3A285D2136332400EB94B8 /* LoginViewController.xib */; };
		FF3A28632136333200EB94B8 /* LiveViewController.m in Sources */ = {isa = PBXBuildFile; fileRef = FF3A28612136333200EB94B8 /* LiveViewController.m */; };
		FF3A28642136333200EB94B8 /* LiveViewController.xib in Resources */ = {isa = PBXBuildFile; fileRef = FF3A28622136333200EB94B8 /* LiveViewController.xib */; };
		FF3A28682136333C00EB94B8 /* DeviceListViewController.m in Sources */ = {isa = PBXBuildFile; fileRef = FF3A28662136333C00EB94B8 /* DeviceListViewController.m */; };
		FF3A28692136333C00EB94B8 /* DeviceListViewController.xib in Resources */ = {isa = PBXBuildFile; fileRef = FF3A28672136333C00EB94B8 /* DeviceListViewController.xib */; };
		FF3A286D2136334600EB94B8 /* PhotoListViewController.m in Sources */ = {isa = PBXBuildFile; fileRef = FF3A286B2136334600EB94B8 /* PhotoListViewController.m */; };
		FF3A286E2136334600EB94B8 /* PhotoListViewController.xib in Resources */ = {isa = PBXBuildFile; fileRef = FF3A286C2136334600EB94B8 /* PhotoListViewController.xib */; };
		FF3A28792136343900EB94B8 /* UIImage+CompressImage.m in Sources */ = {isa = PBXBuildFile; fileRef = FF3A28722136343900EB94B8 /* UIImage+CompressImage.m */; };
		FF3A287A2136343900EB94B8 /* UIImage+CompressImage.m in Sources */ = {isa = PBXBuildFile; fileRef = FF3A28722136343900EB94B8 /* UIImage+CompressImage.m */; };
		FF3A287B2136343900EB94B8 /* ZBDataEntity.m in Sources */ = {isa = PBXBuildFile; fileRef = FF3A28742136343900EB94B8 /* ZBDataEntity.m */; };
		FF3A287C2136343900EB94B8 /* ZBDataEntity.m in Sources */ = {isa = PBXBuildFile; fileRef = FF3A28742136343900EB94B8 /* ZBDataEntity.m */; };
		FF3A287D2136343900EB94B8 /* ZBNetManager.m in Sources */ = {isa = PBXBuildFile; fileRef = FF3A28762136343900EB94B8 /* ZBNetManager.m */; };
		FF3A287E2136343900EB94B8 /* ZBNetManager.m in Sources */ = {isa = PBXBuildFile; fileRef = FF3A28762136343900EB94B8 /* ZBNetManager.m */; };
		FF3A287F2136343900EB94B8 /* ZBNetManagerCache.m in Sources */ = {isa = PBXBuildFile; fileRef = FF3A28782136343900EB94B8 /* ZBNetManagerCache.m */; };
		FF3A28802136343900EB94B8 /* ZBNetManagerCache.m in Sources */ = {isa = PBXBuildFile; fileRef = FF3A28782136343900EB94B8 /* ZBNetManagerCache.m */; };
		FF3A28862136343F00EB94B8 /* RootNavigationController.m in Sources */ = {isa = PBXBuildFile; fileRef = FF3A28832136343F00EB94B8 /* RootNavigationController.m */; };
		FF3A28872136343F00EB94B8 /* RootNavigationController.m in Sources */ = {isa = PBXBuildFile; fileRef = FF3A28832136343F00EB94B8 /* RootNavigationController.m */; };
		FF3A28882136343F00EB94B8 /* RootTabBarController.m in Sources */ = {isa = PBXBuildFile; fileRef = FF3A28852136343F00EB94B8 /* RootTabBarController.m */; };
		FF3A28892136343F00EB94B8 /* RootTabBarController.m in Sources */ = {isa = PBXBuildFile; fileRef = FF3A28852136343F00EB94B8 /* RootTabBarController.m */; };
		FF3A28AE213634A900EB94B8 /* AppDelegate+AppService.m in Sources */ = {isa = PBXBuildFile; fileRef = FF3A2892213634A800EB94B8 /* AppDelegate+AppService.m */; };
		FF3A28AF213634A900EB94B8 /* AppDelegate+AppService.m in Sources */ = {isa = PBXBuildFile; fileRef = FF3A2892213634A800EB94B8 /* AppDelegate+AppService.m */; };
		FF3A28B0213634A900EB94B8 /* AppDelegate+ViewController.m in Sources */ = {isa = PBXBuildFile; fileRef = FF3A2894213634A800EB94B8 /* AppDelegate+ViewController.m */; };
		FF3A28B1213634A900EB94B8 /* AppDelegate+ViewController.m in Sources */ = {isa = PBXBuildFile; fileRef = FF3A2894213634A800EB94B8 /* AppDelegate+ViewController.m */; };
		FF3A28B2213634A900EB94B8 /* UITabBar+CustomBadge.m in Sources */ = {isa = PBXBuildFile; fileRef = FF3A2897213634A800EB94B8 /* UITabBar+CustomBadge.m */; };
		FF3A28B3213634A900EB94B8 /* UITabBar+CustomBadge.m in Sources */ = {isa = PBXBuildFile; fileRef = FF3A2897213634A800EB94B8 /* UITabBar+CustomBadge.m */; };
		FF3A28B4213634A900EB94B8 /* UIView+Extension.m in Sources */ = {isa = PBXBuildFile; fileRef = FF3A289A213634A800EB94B8 /* UIView+Extension.m */; };
		FF3A28B5213634A900EB94B8 /* UIView+Extension.m in Sources */ = {isa = PBXBuildFile; fileRef = FF3A289A213634A800EB94B8 /* UIView+Extension.m */; };
		FF3A28B6213634A900EB94B8 /* UIImage+Additions.m in Sources */ = {isa = PBXBuildFile; fileRef = FF3A289D213634A900EB94B8 /* UIImage+Additions.m */; };
		FF3A28B7213634A900EB94B8 /* UIImage+Additions.m in Sources */ = {isa = PBXBuildFile; fileRef = FF3A289D213634A900EB94B8 /* UIImage+Additions.m */; };
		FF3A28B8213634A900EB94B8 /* UIViewController+swizzling.m in Sources */ = {isa = PBXBuildFile; fileRef = FF3A28A1213634A900EB94B8 /* UIViewController+swizzling.m */; };
		FF3A28B9213634A900EB94B8 /* UIViewController+swizzling.m in Sources */ = {isa = PBXBuildFile; fileRef = FF3A28A1213634A900EB94B8 /* UIViewController+swizzling.m */; };
		FF3A28BA213634A900EB94B8 /* MBProgressHUD+ZBAdditions.m in Sources */ = {isa = PBXBuildFile; fileRef = FF3A28A4213634A900EB94B8 /* MBProgressHUD+ZBAdditions.m */; };
		FF3A28BB213634A900EB94B8 /* MBProgressHUD+ZBAdditions.m in Sources */ = {isa = PBXBuildFile; fileRef = FF3A28A4213634A900EB94B8 /* MBProgressHUD+ZBAdditions.m */; };
		FF3A28BC213634A900EB94B8 /* UIImagePickerController+Additions.m in Sources */ = {isa = PBXBuildFile; fileRef = FF3A28A7213634A900EB94B8 /* UIImagePickerController+Additions.m */; };
		FF3A28BD213634A900EB94B8 /* UIImagePickerController+Additions.m in Sources */ = {isa = PBXBuildFile; fileRef = FF3A28A7213634A900EB94B8 /* UIImagePickerController+Additions.m */; };
		FF3A28BE213634A900EB94B8 /* UIFont+MyFont.m in Sources */ = {isa = PBXBuildFile; fileRef = FF3A28AA213634A900EB94B8 /* UIFont+MyFont.m */; };
		FF3A28BF213634A900EB94B8 /* UIFont+MyFont.m in Sources */ = {isa = PBXBuildFile; fileRef = FF3A28AA213634A900EB94B8 /* UIFont+MyFont.m */; };
		FF3A28C0213634A900EB94B8 /* UIColor+Additions.m in Sources */ = {isa = PBXBuildFile; fileRef = FF3A28AD213634A900EB94B8 /* UIColor+Additions.m */; };
		FF3A28C1213634A900EB94B8 /* UIColor+Additions.m in Sources */ = {isa = PBXBuildFile; fileRef = FF3A28AD213634A900EB94B8 /* UIColor+Additions.m */; };
		FF3A28C52136374A00EB94B8 /* ViewModelClass.m in Sources */ = {isa = PBXBuildFile; fileRef = FF3A28C42136374A00EB94B8 /* ViewModelClass.m */; };
		FF3A28C62136374A00EB94B8 /* ViewModelClass.m in Sources */ = {isa = PBXBuildFile; fileRef = FF3A28C42136374A00EB94B8 /* ViewModelClass.m */; };
		FF3A28CB213641B700EB94B8 /* UtilitesMethods.m in Sources */ = {isa = PBXBuildFile; fileRef = FF3A28CA213641B700EB94B8 /* UtilitesMethods.m */; };
		FF3A28CC213641B700EB94B8 /* UtilitesMethods.m in Sources */ = {isa = PBXBuildFile; fileRef = FF3A28CA213641B700EB94B8 /* UtilitesMethods.m */; };
		FF3A28D0213641DF00EB94B8 /* UserDefaultUtil.m in Sources */ = {isa = PBXBuildFile; fileRef = FF3A28CF213641DF00EB94B8 /* UserDefaultUtil.m */; };
		FF3A28D1213641DF00EB94B8 /* UserDefaultUtil.m in Sources */ = {isa = PBXBuildFile; fileRef = FF3A28CF213641DF00EB94B8 /* UserDefaultUtil.m */; };
		FF3A28DA21368D9A00EB94B8 /* UIImageEffects.m in Sources */ = {isa = PBXBuildFile; fileRef = FF3A28D521368D9A00EB94B8 /* UIImageEffects.m */; };
		FF3A28DB21368D9A00EB94B8 /* UIImageEffects.m in Sources */ = {isa = PBXBuildFile; fileRef = FF3A28D521368D9A00EB94B8 /* UIImageEffects.m */; };
		FF3A28DC21368D9A00EB94B8 /* QDUIHelper.m in Sources */ = {isa = PBXBuildFile; fileRef = FF3A28D821368D9A00EB94B8 /* QDUIHelper.m */; };
		FF3A28DD21368D9A00EB94B8 /* QDUIHelper.m in Sources */ = {isa = PBXBuildFile; fileRef = FF3A28D821368D9A00EB94B8 /* QDUIHelper.m */; };
		FF3A28DE21368D9A00EB94B8 /* QDCommonUI.m in Sources */ = {isa = PBXBuildFile; fileRef = FF3A28D921368D9A00EB94B8 /* QDCommonUI.m */; };
		FF3A28DF21368D9A00EB94B8 /* QDCommonUI.m in Sources */ = {isa = PBXBuildFile; fileRef = FF3A28D921368D9A00EB94B8 /* QDCommonUI.m */; };
		FF3A28EC2136903500EB94B8 /* QDThemeManager.m in Sources */ = {isa = PBXBuildFile; fileRef = FF3A28E22136903400EB94B8 /* QDThemeManager.m */; };
		FF3A28ED2136903500EB94B8 /* QDThemeManager.m in Sources */ = {isa = PBXBuildFile; fileRef = FF3A28E22136903400EB94B8 /* QDThemeManager.m */; };
		FF3A28EE2136903500EB94B8 /* QMUIConfigurationTemplate.m in Sources */ = {isa = PBXBuildFile; fileRef = FF3A28E52136903400EB94B8 /* QMUIConfigurationTemplate.m */; };
		FF3A28EF2136903500EB94B8 /* QMUIConfigurationTemplate.m in Sources */ = {isa = PBXBuildFile; fileRef = FF3A28E52136903400EB94B8 /* QMUIConfigurationTemplate.m */; };
		FF3A28F72136961C00EB94B8 /* LaunchScreen.xib in Resources */ = {isa = PBXBuildFile; fileRef = FF3A28F62136961C00EB94B8 /* LaunchScreen.xib */; };
		FF3A28F82136961C00EB94B8 /* LaunchScreen.xib in Resources */ = {isa = PBXBuildFile; fileRef = FF3A28F62136961C00EB94B8 /* LaunchScreen.xib */; };
/* End PBXBuildFile section */

/* Begin PBXContainerItemProxy section */
		FF3A28422136310200EB94B8 /* PBXContainerItemProxy */ = {
			isa = PBXContainerItemProxy;
			containerPortal = FF3A28212136310000EB94B8 /* Project object */;
			proxyType = 1;
			remoteGlobalIDString = FF3A28282136310000EB94B8;
			remoteInfo = LiveCamera;
		};
/* End PBXContainerItemProxy section */

/* Begin PBXFileReference section */
		AA896D5CA9C4F25FF6F78E68 /* libPods-LiveCamera.a */ = {isa = PBXFileReference; explicitFileType = archive.ar; includeInIndex = 0; path = "libPods-LiveCamera.a"; sourceTree = BUILT_PRODUCTS_DIR; };
		BB691E5CB95D61515F4D4025 /* Pods-LiveCamera.debug.xcconfig */ = {isa = PBXFileReference; includeInIndex = 1; lastKnownFileType = text.xcconfig; name = "Pods-LiveCamera.debug.xcconfig"; path = "Pods/Target Support Files/Pods-LiveCamera/Pods-LiveCamera.debug.xcconfig"; sourceTree = "<group>"; };
		E0E60FF40E4C5878D521F01F /* Pods-LiveCamera.release.xcconfig */ = {isa = PBXFileReference; includeInIndex = 1; lastKnownFileType = text.xcconfig; name = "Pods-LiveCamera.release.xcconfig"; path = "Pods/Target Support Files/Pods-LiveCamera/Pods-LiveCamera.release.xcconfig"; sourceTree = "<group>"; };
		FF3A28292136310000EB94B8 /* LiveCamera.app */ = {isa = PBXFileReference; explicitFileType = wrapper.application; includeInIndex = 0; path = LiveCamera.app; sourceTree = BUILT_PRODUCTS_DIR; };
		FF3A282C2136310000EB94B8 /* AppDelegate.h */ = {isa = PBXFileReference; lastKnownFileType = sourcecode.c.h; path = AppDelegate.h; sourceTree = "<group>"; };
		FF3A282D2136310000EB94B8 /* AppDelegate.m */ = {isa = PBXFileReference; lastKnownFileType = sourcecode.c.objc; path = AppDelegate.m; sourceTree = "<group>"; };
		FF3A28352136310200EB94B8 /* Assets.xcassets */ = {isa = PBXFileReference; lastKnownFileType = folder.assetcatalog; path = Assets.xcassets; sourceTree = "<group>"; };
		FF3A283A2136310200EB94B8 /* Info.plist */ = {isa = PBXFileReference; lastKnownFileType = text.plist.xml; path = Info.plist; sourceTree = "<group>"; };
		FF3A283B2136310200EB94B8 /* main.m */ = {isa = PBXFileReference; lastKnownFileType = sourcecode.c.objc; path = main.m; sourceTree = "<group>"; };
		FF3A28412136310200EB94B8 /* LiveCameraTests.xctest */ = {isa = PBXFileReference; explicitFileType = wrapper.cfbundle; includeInIndex = 0; path = LiveCameraTests.xctest; sourceTree = BUILT_PRODUCTS_DIR; };
		FF3A28452136310200EB94B8 /* LiveCameraTests.m */ = {isa = PBXFileReference; lastKnownFileType = sourcecode.c.objc; path = LiveCameraTests.m; sourceTree = "<group>"; };
		FF3A28472136310200EB94B8 /* Info.plist */ = {isa = PBXFileReference; lastKnownFileType = text.plist.xml; path = Info.plist; sourceTree = "<group>"; };
		FF3A285B2136332400EB94B8 /* LoginViewController.h */ = {isa = PBXFileReference; lastKnownFileType = sourcecode.c.h; path = LoginViewController.h; sourceTree = "<group>"; };
		FF3A285C2136332400EB94B8 /* LoginViewController.m */ = {isa = PBXFileReference; lastKnownFileType = sourcecode.c.objc; path = LoginViewController.m; sourceTree = "<group>"; };
		FF3A285D2136332400EB94B8 /* LoginViewController.xib */ = {isa = PBXFileReference; lastKnownFileType = file.xib; path = LoginViewController.xib; sourceTree = "<group>"; };
		FF3A28602136333200EB94B8 /* LiveViewController.h */ = {isa = PBXFileReference; lastKnownFileType = sourcecode.c.h; path = LiveViewController.h; sourceTree = "<group>"; };
		FF3A28612136333200EB94B8 /* LiveViewController.m */ = {isa = PBXFileReference; lastKnownFileType = sourcecode.c.objc; path = LiveViewController.m; sourceTree = "<group>"; };
		FF3A28622136333200EB94B8 /* LiveViewController.xib */ = {isa = PBXFileReference; lastKnownFileType = file.xib; path = LiveViewController.xib; sourceTree = "<group>"; };
		FF3A28652136333C00EB94B8 /* DeviceListViewController.h */ = {isa = PBXFileReference; lastKnownFileType = sourcecode.c.h; path = DeviceListViewController.h; sourceTree = "<group>"; };
		FF3A28662136333C00EB94B8 /* DeviceListViewController.m */ = {isa = PBXFileReference; lastKnownFileType = sourcecode.c.objc; path = DeviceListViewController.m; sourceTree = "<group>"; };
		FF3A28672136333C00EB94B8 /* DeviceListViewController.xib */ = {isa = PBXFileReference; lastKnownFileType = file.xib; path = DeviceListViewController.xib; sourceTree = "<group>"; };
		FF3A286A2136334600EB94B8 /* PhotoListViewController.h */ = {isa = PBXFileReference; lastKnownFileType = sourcecode.c.h; path = PhotoListViewController.h; sourceTree = "<group>"; };
		FF3A286B2136334600EB94B8 /* PhotoListViewController.m */ = {isa = PBXFileReference; lastKnownFileType = sourcecode.c.objc; path = PhotoListViewController.m; sourceTree = "<group>"; };
		FF3A286C2136334600EB94B8 /* PhotoListViewController.xib */ = {isa = PBXFileReference; lastKnownFileType = file.xib; path = PhotoListViewController.xib; sourceTree = "<group>"; };
		FF3A28712136343900EB94B8 /* UIImage+CompressImage.h */ = {isa = PBXFileReference; fileEncoding = 4; lastKnownFileType = sourcecode.c.h; path = "UIImage+CompressImage.h"; sourceTree = "<group>"; };
		FF3A28722136343900EB94B8 /* UIImage+CompressImage.m */ = {isa = PBXFileReference; fileEncoding = 4; lastKnownFileType = sourcecode.c.objc; path = "UIImage+CompressImage.m"; sourceTree = "<group>"; };
		FF3A28732136343900EB94B8 /* ZBDataEntity.h */ = {isa = PBXFileReference; fileEncoding = 4; lastKnownFileType = sourcecode.c.h; path = ZBDataEntity.h; sourceTree = "<group>"; };
		FF3A28742136343900EB94B8 /* ZBDataEntity.m */ = {isa = PBXFileReference; fileEncoding = 4; lastKnownFileType = sourcecode.c.objc; path = ZBDataEntity.m; sourceTree = "<group>"; };
		FF3A28752136343900EB94B8 /* ZBNetManager.h */ = {isa = PBXFileReference; fileEncoding = 4; lastKnownFileType = sourcecode.c.h; path = ZBNetManager.h; sourceTree = "<group>"; };
		FF3A28762136343900EB94B8 /* ZBNetManager.m */ = {isa = PBXFileReference; fileEncoding = 4; lastKnownFileType = sourcecode.c.objc; path = ZBNetManager.m; sourceTree = "<group>"; };
		FF3A28772136343900EB94B8 /* ZBNetManagerCache.h */ = {isa = PBXFileReference; fileEncoding = 4; lastKnownFileType = sourcecode.c.h; path = ZBNetManagerCache.h; sourceTree = "<group>"; };
		FF3A28782136343900EB94B8 /* ZBNetManagerCache.m */ = {isa = PBXFileReference; fileEncoding = 4; lastKnownFileType = sourcecode.c.objc; path = ZBNetManagerCache.m; sourceTree = "<group>"; };
		FF3A28822136343F00EB94B8 /* RootNavigationController.h */ = {isa = PBXFileReference; fileEncoding = 4; lastKnownFileType = sourcecode.c.h; path = RootNavigationController.h; sourceTree = "<group>"; };
		FF3A28832136343F00EB94B8 /* RootNavigationController.m */ = {isa = PBXFileReference; fileEncoding = 4; lastKnownFileType = sourcecode.c.objc; path = RootNavigationController.m; sourceTree = "<group>"; };
		FF3A28842136343F00EB94B8 /* RootTabBarController.h */ = {isa = PBXFileReference; fileEncoding = 4; lastKnownFileType = sourcecode.c.h; path = RootTabBarController.h; sourceTree = "<group>"; };
		FF3A28852136343F00EB94B8 /* RootTabBarController.m */ = {isa = PBXFileReference; fileEncoding = 4; lastKnownFileType = sourcecode.c.objc; path = RootTabBarController.m; sourceTree = "<group>"; };
		FF3A288A2136345600EB94B8 /* UtilsMacros.h */ = {isa = PBXFileReference; fileEncoding = 4; lastKnownFileType = sourcecode.c.h; path = UtilsMacros.h; sourceTree = "<group>"; };
		FF3A288B2136345600EB94B8 /* NotificationMacros.h */ = {isa = PBXFileReference; fileEncoding = 4; lastKnownFileType = sourcecode.c.h; path = NotificationMacros.h; sourceTree = "<group>"; };
		FF3A288C2136345700EB94B8 /* VendorMarcos.h */ = {isa = PBXFileReference; fileEncoding = 4; lastKnownFileType = sourcecode.c.h; path = VendorMarcos.h; sourceTree = "<group>"; };
		FF3A288D2136345F00EB94B8 /* ACMacros.h */ = {isa = PBXFileReference; fileEncoding = 4; lastKnownFileType = sourcecode.c.h; path = ACMacros.h; sourceTree = "<group>"; };
		FF3A288E2136345F00EB94B8 /* APIMacros.h */ = {isa = PBXFileReference; fileEncoding = 4; lastKnownFileType = sourcecode.c.h; path = APIMacros.h; sourceTree = "<group>"; };
		FF3A2891213634A800EB94B8 /* AppDelegate+AppService.h */ = {isa = PBXFileReference; fileEncoding = 4; lastKnownFileType = sourcecode.c.h; path = "AppDelegate+AppService.h"; sourceTree = "<group>"; };
		FF3A2892213634A800EB94B8 /* AppDelegate+AppService.m */ = {isa = PBXFileReference; fileEncoding = 4; lastKnownFileType = sourcecode.c.objc; path = "AppDelegate+AppService.m"; sourceTree = "<group>"; };
		FF3A2893213634A800EB94B8 /* AppDelegate+ViewController.h */ = {isa = PBXFileReference; fileEncoding = 4; lastKnownFileType = sourcecode.c.h; path = "AppDelegate+ViewController.h"; sourceTree = "<group>"; };
		FF3A2894213634A800EB94B8 /* AppDelegate+ViewController.m */ = {isa = PBXFileReference; fileEncoding = 4; lastKnownFileType = sourcecode.c.objc; path = "AppDelegate+ViewController.m"; sourceTree = "<group>"; };
		FF3A2896213634A800EB94B8 /* UITabBar+CustomBadge.h */ = {isa = PBXFileReference; fileEncoding = 4; lastKnownFileType = sourcecode.c.h; path = "UITabBar+CustomBadge.h"; sourceTree = "<group>"; };
		FF3A2897213634A800EB94B8 /* UITabBar+CustomBadge.m */ = {isa = PBXFileReference; fileEncoding = 4; lastKnownFileType = sourcecode.c.objc; path = "UITabBar+CustomBadge.m"; sourceTree = "<group>"; };
		FF3A2899213634A800EB94B8 /* UIView+Extension.h */ = {isa = PBXFileReference; fileEncoding = 4; lastKnownFileType = sourcecode.c.h; path = "UIView+Extension.h"; sourceTree = "<group>"; };
		FF3A289A213634A800EB94B8 /* UIView+Extension.m */ = {isa = PBXFileReference; fileEncoding = 4; lastKnownFileType = sourcecode.c.objc; path = "UIView+Extension.m"; sourceTree = "<group>"; };
		FF3A289C213634A900EB94B8 /* UIImage+Additions.h */ = {isa = PBXFileReference; fileEncoding = 4; lastKnownFileType = sourcecode.c.h; path = "UIImage+Additions.h"; sourceTree = "<group>"; };
		FF3A289D213634A900EB94B8 /* UIImage+Additions.m */ = {isa = PBXFileReference; fileEncoding = 4; lastKnownFileType = sourcecode.c.objc; path = "UIImage+Additions.m"; sourceTree = "<group>"; };
		FF3A28A0213634A900EB94B8 /* UIViewController+swizzling.h */ = {isa = PBXFileReference; fileEncoding = 4; lastKnownFileType = sourcecode.c.h; path = "UIViewController+swizzling.h"; sourceTree = "<group>"; };
		FF3A28A1213634A900EB94B8 /* UIViewController+swizzling.m */ = {isa = PBXFileReference; fileEncoding = 4; lastKnownFileType = sourcecode.c.objc; path = "UIViewController+swizzling.m"; sourceTree = "<group>"; };
		FF3A28A3213634A900EB94B8 /* MBProgressHUD+ZBAdditions.h */ = {isa = PBXFileReference; fileEncoding = 4; lastKnownFileType = sourcecode.c.h; path = "MBProgressHUD+ZBAdditions.h"; sourceTree = "<group>"; };
		FF3A28A4213634A900EB94B8 /* MBProgressHUD+ZBAdditions.m */ = {isa = PBXFileReference; fileEncoding = 4; lastKnownFileType = sourcecode.c.objc; path = "MBProgressHUD+ZBAdditions.m"; sourceTree = "<group>"; };
		FF3A28A6213634A900EB94B8 /* UIImagePickerController+Additions.h */ = {isa = PBXFileReference; fileEncoding = 4; lastKnownFileType = sourcecode.c.h; path = "UIImagePickerController+Additions.h"; sourceTree = "<group>"; };
		FF3A28A7213634A900EB94B8 /* UIImagePickerController+Additions.m */ = {isa = PBXFileReference; fileEncoding = 4; lastKnownFileType = sourcecode.c.objc; path = "UIImagePickerController+Additions.m"; sourceTree = "<group>"; };
		FF3A28A9213634A900EB94B8 /* UIFont+MyFont.h */ = {isa = PBXFileReference; fileEncoding = 4; lastKnownFileType = sourcecode.c.h; path = "UIFont+MyFont.h"; sourceTree = "<group>"; };
		FF3A28AA213634A900EB94B8 /* UIFont+MyFont.m */ = {isa = PBXFileReference; fileEncoding = 4; lastKnownFileType = sourcecode.c.objc; path = "UIFont+MyFont.m"; sourceTree = "<group>"; };
		FF3A28AC213634A900EB94B8 /* UIColor+Additions.h */ = {isa = PBXFileReference; fileEncoding = 4; lastKnownFileType = sourcecode.c.h; path = "UIColor+Additions.h"; sourceTree = "<group>"; };
		FF3A28AD213634A900EB94B8 /* UIColor+Additions.m */ = {isa = PBXFileReference; fileEncoding = 4; lastKnownFileType = sourcecode.c.objc; path = "UIColor+Additions.m"; sourceTree = "<group>"; };
		FF3A28C32136374A00EB94B8 /* ViewModelClass.h */ = {isa = PBXFileReference; fileEncoding = 4; lastKnownFileType = sourcecode.c.h; path = ViewModelClass.h; sourceTree = "<group>"; };
		FF3A28C42136374A00EB94B8 /* ViewModelClass.m */ = {isa = PBXFileReference; fileEncoding = 4; lastKnownFileType = sourcecode.c.objc; path = ViewModelClass.m; sourceTree = "<group>"; };
		FF3A28C72136414700EB94B8 /* LiveCameraPrefixHeader.pch */ = {isa = PBXFileReference; fileEncoding = 4; lastKnownFileType = sourcecode.c.h; path = LiveCameraPrefixHeader.pch; sourceTree = "<group>"; };
		FF3A28C9213641B700EB94B8 /* UtilitesMethods.h */ = {isa = PBXFileReference; fileEncoding = 4; lastKnownFileType = sourcecode.c.h; path = UtilitesMethods.h; sourceTree = "<group>"; };
		FF3A28CA213641B700EB94B8 /* UtilitesMethods.m */ = {isa = PBXFileReference; fileEncoding = 4; lastKnownFileType = sourcecode.c.objc; path = UtilitesMethods.m; sourceTree = "<group>"; };
		FF3A28CE213641DF00EB94B8 /* UserDefaultUtil.h */ = {isa = PBXFileReference; fileEncoding = 4; lastKnownFileType = sourcecode.c.h; path = UserDefaultUtil.h; sourceTree = "<group>"; };
		FF3A28CF213641DF00EB94B8 /* UserDefaultUtil.m */ = {isa = PBXFileReference; fileEncoding = 4; lastKnownFileType = sourcecode.c.objc; path = UserDefaultUtil.m; sourceTree = "<group>"; };
		FF3A28D421368D9A00EB94B8 /* UIImageEffects.h */ = {isa = PBXFileReference; fileEncoding = 4; lastKnownFileType = sourcecode.c.h; path = UIImageEffects.h; sourceTree = "<group>"; };
		FF3A28D521368D9A00EB94B8 /* UIImageEffects.m */ = {isa = PBXFileReference; fileEncoding = 4; lastKnownFileType = sourcecode.c.objc; path = UIImageEffects.m; sourceTree = "<group>"; };
		FF3A28D621368D9A00EB94B8 /* QDUIHelper.h */ = {isa = PBXFileReference; fileEncoding = 4; lastKnownFileType = sourcecode.c.h; path = QDUIHelper.h; sourceTree = "<group>"; };
		FF3A28D721368D9A00EB94B8 /* QDCommonUI.h */ = {isa = PBXFileReference; fileEncoding = 4; lastKnownFileType = sourcecode.c.h; path = QDCommonUI.h; sourceTree = "<group>"; };
		FF3A28D821368D9A00EB94B8 /* QDUIHelper.m */ = {isa = PBXFileReference; fileEncoding = 4; lastKnownFileType = sourcecode.c.objc; path = QDUIHelper.m; sourceTree = "<group>"; };
		FF3A28D921368D9A00EB94B8 /* QDCommonUI.m */ = {isa = PBXFileReference; fileEncoding = 4; lastKnownFileType = sourcecode.c.objc; path = QDCommonUI.m; sourceTree = "<group>"; };
		FF3A28E12136903400EB94B8 /* QDThemeManager.h */ = {isa = PBXFileReference; fileEncoding = 4; lastKnownFileType = sourcecode.c.h; path = QDThemeManager.h; sourceTree = "<group>"; };
		FF3A28E22136903400EB94B8 /* QDThemeManager.m */ = {isa = PBXFileReference; fileEncoding = 4; lastKnownFileType = sourcecode.c.objc; path = QDThemeManager.m; sourceTree = "<group>"; };
		FF3A28E32136903400EB94B8 /* QDThemeProtocol.h */ = {isa = PBXFileReference; fileEncoding = 4; lastKnownFileType = sourcecode.c.h; path = QDThemeProtocol.h; sourceTree = "<group>"; };
		FF3A28E42136903400EB94B8 /* QMUIConfigurationTemplate.h */ = {isa = PBXFileReference; fileEncoding = 4; lastKnownFileType = sourcecode.c.h; path = QMUIConfigurationTemplate.h; sourceTree = "<group>"; };
		FF3A28E52136903400EB94B8 /* QMUIConfigurationTemplate.m */ = {isa = PBXFileReference; fileEncoding = 4; lastKnownFileType = sourcecode.c.objc; path = QMUIConfigurationTemplate.m; sourceTree = "<group>"; };
		FF3A28F62136961C00EB94B8 /* LaunchScreen.xib */ = {isa = PBXFileReference; lastKnownFileType = file.xib; path = LaunchScreen.xib; sourceTree = "<group>"; };
/* End PBXFileReference section */

/* Begin PBXFrameworksBuildPhase section */
		FF3A28262136310000EB94B8 /* Frameworks */ = {
			isa = PBXFrameworksBuildPhase;
			buildActionMask = 2147483647;
			files = (
				3F89A603B22E1DCA56BDBD09 /* libPods-LiveCamera.a in Frameworks */,
			);
			runOnlyForDeploymentPostprocessing = 0;
		};
		FF3A283E2136310200EB94B8 /* Frameworks */ = {
			isa = PBXFrameworksBuildPhase;
			buildActionMask = 2147483647;
			files = (
			);
			runOnlyForDeploymentPostprocessing = 0;
		};
/* End PBXFrameworksBuildPhase section */

/* Begin PBXGroup section */
		595DBD95658BFCC22B69A261 /* Frameworks */ = {
			isa = PBXGroup;
			children = (
				AA896D5CA9C4F25FF6F78E68 /* libPods-LiveCamera.a */,
			);
			name = Frameworks;
			sourceTree = "<group>";
		};
		979E489AA264FAE18730412B /* Pods */ = {
			isa = PBXGroup;
			children = (
				BB691E5CB95D61515F4D4025 /* Pods-LiveCamera.debug.xcconfig */,
				E0E60FF40E4C5878D521F01F /* Pods-LiveCamera.release.xcconfig */,
			);
			name = Pods;
			sourceTree = "<group>";
		};
		FF3A28202136310000EB94B8 = {
			isa = PBXGroup;
			children = (
				FF3A282B2136310000EB94B8 /* LiveCamera */,
				FF3A28442136310200EB94B8 /* LiveCameraTests */,
				FF3A282A2136310000EB94B8 /* Products */,
				979E489AA264FAE18730412B /* Pods */,
				595DBD95658BFCC22B69A261 /* Frameworks */,
			);
			sourceTree = "<group>";
		};
		FF3A282A2136310000EB94B8 /* Products */ = {
			isa = PBXGroup;
			children = (
				FF3A28292136310000EB94B8 /* LiveCamera.app */,
				FF3A28412136310200EB94B8 /* LiveCameraTests.xctest */,
			);
			name = Products;
			sourceTree = "<group>";
		};
		FF3A282B2136310000EB94B8 /* LiveCamera */ = {
			isa = PBXGroup;
			children = (
				FF3A28502136321700EB94B8 /* Features */,
				FF3A28532136323B00EB94B8 /* Config */,
				FF3A288F213634A100EB94B8 /* Categories */,
				FF3A28562136327500EB94B8 /* Vendors */,
				FF3A28542136324300EB94B8 /* Helpers */,
				FF3A28522136323300EB94B8 /* Utilites */,
				FF3A28512136322700EB94B8 /* Resources */,
				FF3A28552136324D00EB94B8 /* AppEntry */,
				FF3A28F62136961C00EB94B8 /* LaunchScreen.xib */,
			);
			path = LiveCamera;
			sourceTree = "<group>";
		};
		FF3A28442136310200EB94B8 /* LiveCameraTests */ = {
			isa = PBXGroup;
			children = (
				FF3A28452136310200EB94B8 /* LiveCameraTests.m */,
				FF3A28472136310200EB94B8 /* Info.plist */,
			);
			path = LiveCameraTests;
			sourceTree = "<group>";
		};
		FF3A28502136321700EB94B8 /* Features */ = {
			isa = PBXGroup;
			children = (
				FF3A286F2136335300EB94B8 /* Base */,
				FF3A2859213632F600EB94B8 /* DeviceList */,
				FF3A285A213632FF00EB94B8 /* PhotoList */,
				FF3A2858213632EC00EB94B8 /* LiveController */,
				FF3A2857213632E200EB94B8 /* LoginRegister */,
			);
			path = Features;
			sourceTree = "<group>";
		};
		FF3A28512136322700EB94B8 /* Resources */ = {
			isa = PBXGroup;
			children = (
				FF3A28352136310200EB94B8 /* Assets.xcassets */,
			);
			path = Resources;
			sourceTree = "<group>";
		};
		FF3A28522136323300EB94B8 /* Utilites */ = {
			isa = PBXGroup;
			children = (
				FF3A28D321368D8700EB94B8 /* QDUtilites */,
				FF3A28CD213641DF00EB94B8 /* UserDefault */,
				FF3A28C8213641B700EB94B8 /* Methods */,
				FF3A28C22136374A00EB94B8 /* ViewModel */,
			);
			path = Utilites;
			sourceTree = "<group>";
		};
		FF3A28532136323B00EB94B8 /* Config */ = {
			isa = PBXGroup;
			children = (
				FF3A288D2136345F00EB94B8 /* ACMacros.h */,
				FF3A288E2136345F00EB94B8 /* APIMacros.h */,
				FF3A288B2136345600EB94B8 /* NotificationMacros.h */,
				FF3A288A2136345600EB94B8 /* UtilsMacros.h */,
				FF3A288C2136345700EB94B8 /* VendorMarcos.h */,
			);
			path = Config;
			sourceTree = "<group>";
		};
		FF3A28542136324300EB94B8 /* Helpers */ = {
			isa = PBXGroup;
			children = (
				FF3A28702136343900EB94B8 /* NetWork */,
			);
			path = Helpers;
			sourceTree = "<group>";
		};
		FF3A28552136324D00EB94B8 /* AppEntry */ = {
			isa = PBXGroup;
			children = (
				FF3A28C72136414700EB94B8 /* LiveCameraPrefixHeader.pch */,
				FF3A283A2136310200EB94B8 /* Info.plist */,
				FF3A283B2136310200EB94B8 /* main.m */,
				FF3A282C2136310000EB94B8 /* AppDelegate.h */,
				FF3A282D2136310000EB94B8 /* AppDelegate.m */,
			);
			path = AppEntry;
			sourceTree = "<group>";
		};
		FF3A28562136327500EB94B8 /* Vendors */ = {
			isa = PBXGroup;
			children = (
			);
			path = Vendors;
			sourceTree = "<group>";
		};
		FF3A2857213632E200EB94B8 /* LoginRegister */ = {
			isa = PBXGroup;
			children = (
				FF3A285B2136332400EB94B8 /* LoginViewController.h */,
				FF3A285C2136332400EB94B8 /* LoginViewController.m */,
				FF3A285D2136332400EB94B8 /* LoginViewController.xib */,
			);
			path = LoginRegister;
			sourceTree = "<group>";
		};
		FF3A2858213632EC00EB94B8 /* LiveController */ = {
			isa = PBXGroup;
			children = (
				FF3A28602136333200EB94B8 /* LiveViewController.h */,
				FF3A28612136333200EB94B8 /* LiveViewController.m */,
				FF3A28622136333200EB94B8 /* LiveViewController.xib */,
			);
			path = LiveController;
			sourceTree = "<group>";
		};
		FF3A2859213632F600EB94B8 /* DeviceList */ = {
			isa = PBXGroup;
			children = (
				FF3A28652136333C00EB94B8 /* DeviceListViewController.h */,
				FF3A28662136333C00EB94B8 /* DeviceListViewController.m */,
				FF3A28672136333C00EB94B8 /* DeviceListViewController.xib */,
			);
			path = DeviceList;
			sourceTree = "<group>";
		};
		FF3A285A213632FF00EB94B8 /* PhotoList */ = {
			isa = PBXGroup;
			children = (
				FF3A286A2136334600EB94B8 /* PhotoListViewController.h */,
				FF3A286B2136334600EB94B8 /* PhotoListViewController.m */,
				FF3A286C2136334600EB94B8 /* PhotoListViewController.xib */,
			);
			path = PhotoList;
			sourceTree = "<group>";
		};
		FF3A286F2136335300EB94B8 /* Base */ = {
			isa = PBXGroup;
			children = (
				FF3A28812136343F00EB94B8 /* Navigation */,
			);
			path = Base;
			sourceTree = "<group>";
		};
		FF3A28702136343900EB94B8 /* NetWork */ = {
			isa = PBXGroup;
			children = (
				FF3A28712136343900EB94B8 /* UIImage+CompressImage.h */,
				FF3A28722136343900EB94B8 /* UIImage+CompressImage.m */,
				FF3A28732136343900EB94B8 /* ZBDataEntity.h */,
				FF3A28742136343900EB94B8 /* ZBDataEntity.m */,
				FF3A28752136343900EB94B8 /* ZBNetManager.h */,
				FF3A28762136343900EB94B8 /* ZBNetManager.m */,
				FF3A28772136343900EB94B8 /* ZBNetManagerCache.h */,
				FF3A28782136343900EB94B8 /* ZBNetManagerCache.m */,
			);
			path = NetWork;
			sourceTree = "<group>";
		};
		FF3A28812136343F00EB94B8 /* Navigation */ = {
			isa = PBXGroup;
			children = (
				FF3A28822136343F00EB94B8 /* RootNavigationController.h */,
				FF3A28832136343F00EB94B8 /* RootNavigationController.m */,
				FF3A28842136343F00EB94B8 /* RootTabBarController.h */,
				FF3A28852136343F00EB94B8 /* RootTabBarController.m */,
			);
			path = Navigation;
			sourceTree = "<group>";
		};
		FF3A288F213634A100EB94B8 /* Categories */ = {
			isa = PBXGroup;
			children = (
				FF3A28A2213634A900EB94B8 /* Alert */,
				FF3A2890213634A800EB94B8 /* AppDelegate */,
				FF3A289E213634A900EB94B8 /* NSString */,
				FF3A28AB213634A900EB94B8 /* UIColor */,
				FF3A28A8213634A900EB94B8 /* UIFont */,
				FF3A289B213634A900EB94B8 /* UIImage */,
				FF3A28A5213634A900EB94B8 /* UIImagePickerController */,
				FF3A2895213634A800EB94B8 /* UITabBar */,
				FF3A2898213634A800EB94B8 /* UIView */,
				FF3A289F213634A900EB94B8 /* ViewCategories */,
			);
			path = Categories;
			sourceTree = "<group>";
		};
		FF3A2890213634A800EB94B8 /* AppDelegate */ = {
			isa = PBXGroup;
			children = (
				FF3A2891213634A800EB94B8 /* AppDelegate+AppService.h */,
				FF3A2892213634A800EB94B8 /* AppDelegate+AppService.m */,
				FF3A2893213634A800EB94B8 /* AppDelegate+ViewController.h */,
				FF3A2894213634A800EB94B8 /* AppDelegate+ViewController.m */,
			);
			path = AppDelegate;
			sourceTree = "<group>";
		};
		FF3A2895213634A800EB94B8 /* UITabBar */ = {
			isa = PBXGroup;
			children = (
				FF3A2896213634A800EB94B8 /* UITabBar+CustomBadge.h */,
				FF3A2897213634A800EB94B8 /* UITabBar+CustomBadge.m */,
			);
			path = UITabBar;
			sourceTree = "<group>";
		};
		FF3A2898213634A800EB94B8 /* UIView */ = {
			isa = PBXGroup;
			children = (
				FF3A2899213634A800EB94B8 /* UIView+Extension.h */,
				FF3A289A213634A800EB94B8 /* UIView+Extension.m */,
			);
			path = UIView;
			sourceTree = "<group>";
		};
		FF3A289B213634A900EB94B8 /* UIImage */ = {
			isa = PBXGroup;
			children = (
				FF3A289C213634A900EB94B8 /* UIImage+Additions.h */,
				FF3A289D213634A900EB94B8 /* UIImage+Additions.m */,
			);
			path = UIImage;
			sourceTree = "<group>";
		};
		FF3A289E213634A900EB94B8 /* NSString */ = {
			isa = PBXGroup;
			children = (
			);
			path = NSString;
			sourceTree = "<group>";
		};
		FF3A289F213634A900EB94B8 /* ViewCategories */ = {
			isa = PBXGroup;
			children = (
				FF3A28A0213634A900EB94B8 /* UIViewController+swizzling.h */,
				FF3A28A1213634A900EB94B8 /* UIViewController+swizzling.m */,
			);
			path = ViewCategories;
			sourceTree = "<group>";
		};
		FF3A28A2213634A900EB94B8 /* Alert */ = {
			isa = PBXGroup;
			children = (
				FF3A28A3213634A900EB94B8 /* MBProgressHUD+ZBAdditions.h */,
				FF3A28A4213634A900EB94B8 /* MBProgressHUD+ZBAdditions.m */,
			);
			path = Alert;
			sourceTree = "<group>";
		};
		FF3A28A5213634A900EB94B8 /* UIImagePickerController */ = {
			isa = PBXGroup;
			children = (
				FF3A28A6213634A900EB94B8 /* UIImagePickerController+Additions.h */,
				FF3A28A7213634A900EB94B8 /* UIImagePickerController+Additions.m */,
			);
			path = UIImagePickerController;
			sourceTree = "<group>";
		};
		FF3A28A8213634A900EB94B8 /* UIFont */ = {
			isa = PBXGroup;
			children = (
				FF3A28A9213634A900EB94B8 /* UIFont+MyFont.h */,
				FF3A28AA213634A900EB94B8 /* UIFont+MyFont.m */,
			);
			path = UIFont;
			sourceTree = "<group>";
		};
		FF3A28AB213634A900EB94B8 /* UIColor */ = {
			isa = PBXGroup;
			children = (
				FF3A28AC213634A900EB94B8 /* UIColor+Additions.h */,
				FF3A28AD213634A900EB94B8 /* UIColor+Additions.m */,
			);
			path = UIColor;
			sourceTree = "<group>";
		};
		FF3A28C22136374A00EB94B8 /* ViewModel */ = {
			isa = PBXGroup;
			children = (
				FF3A28C32136374A00EB94B8 /* ViewModelClass.h */,
				FF3A28C42136374A00EB94B8 /* ViewModelClass.m */,
			);
			path = ViewModel;
			sourceTree = "<group>";
		};
		FF3A28C8213641B700EB94B8 /* Methods */ = {
			isa = PBXGroup;
			children = (
				FF3A28C9213641B700EB94B8 /* UtilitesMethods.h */,
				FF3A28CA213641B700EB94B8 /* UtilitesMethods.m */,
			);
			path = Methods;
			sourceTree = "<group>";
		};
		FF3A28CD213641DF00EB94B8 /* UserDefault */ = {
			isa = PBXGroup;
			children = (
				FF3A28CE213641DF00EB94B8 /* UserDefaultUtil.h */,
				FF3A28CF213641DF00EB94B8 /* UserDefaultUtil.m */,
			);
			path = UserDefault;
			sourceTree = "<group>";
		};
		FF3A28D321368D8700EB94B8 /* QDUtilites */ = {
			isa = PBXGroup;
			children = (
				FF3A28E02136903400EB94B8 /* Configuration */,
				FF3A28D721368D9A00EB94B8 /* QDCommonUI.h */,
				FF3A28D921368D9A00EB94B8 /* QDCommonUI.m */,
				FF3A28D621368D9A00EB94B8 /* QDUIHelper.h */,
				FF3A28D821368D9A00EB94B8 /* QDUIHelper.m */,
				FF3A28D421368D9A00EB94B8 /* UIImageEffects.h */,
				FF3A28D521368D9A00EB94B8 /* UIImageEffects.m */,
			);
			path = QDUtilites;
			sourceTree = "<group>";
		};
		FF3A28E02136903400EB94B8 /* Configuration */ = {
			isa = PBXGroup;
			children = (
				FF3A28E12136903400EB94B8 /* QDThemeManager.h */,
				FF3A28E22136903400EB94B8 /* QDThemeManager.m */,
				FF3A28E32136903400EB94B8 /* QDThemeProtocol.h */,
				FF3A28E42136903400EB94B8 /* QMUIConfigurationTemplate.h */,
				FF3A28E52136903400EB94B8 /* QMUIConfigurationTemplate.m */,
			);
			path = Configuration;
			sourceTree = "<group>";
		};
/* End PBXGroup section */

/* Begin PBXNativeTarget section */
		FF3A28282136310000EB94B8 /* LiveCamera */ = {
			isa = PBXNativeTarget;
			buildConfigurationList = FF3A284A2136310200EB94B8 /* Build configuration list for PBXNativeTarget "LiveCamera" */;
			buildPhases = (
				A9F255110E69FF6197DDD09C /* [CP] Check Pods Manifest.lock */,
				FF3A28252136310000EB94B8 /* Sources */,
				FF3A28262136310000EB94B8 /* Frameworks */,
				FF3A28272136310000EB94B8 /* Resources */,
				8D94276F8200A907C0DBAA42 /* [CP] Copy Pods Resources */,
			);
			buildRules = (
			);
			dependencies = (
			);
			name = LiveCamera;
			productName = LiveCamera;
			productReference = FF3A28292136310000EB94B8 /* LiveCamera.app */;
			productType = "com.apple.product-type.application";
		};
		FF3A28402136310200EB94B8 /* LiveCameraTests */ = {
			isa = PBXNativeTarget;
			buildConfigurationList = FF3A284D2136310200EB94B8 /* Build configuration list for PBXNativeTarget "LiveCameraTests" */;
			buildPhases = (
				FF3A283D2136310200EB94B8 /* Sources */,
				FF3A283E2136310200EB94B8 /* Frameworks */,
				FF3A283F2136310200EB94B8 /* Resources */,
			);
			buildRules = (
			);
			dependencies = (
				FF3A28432136310200EB94B8 /* PBXTargetDependency */,
			);
			name = LiveCameraTests;
			productName = LiveCameraTests;
			productReference = FF3A28412136310200EB94B8 /* LiveCameraTests.xctest */;
			productType = "com.apple.product-type.bundle.unit-test";
		};
/* End PBXNativeTarget section */

/* Begin PBXProject section */
		FF3A28212136310000EB94B8 /* Project object */ = {
			isa = PBXProject;
			attributes = {
				LastUpgradeCheck = 0940;
				ORGANIZATIONNAME = bigfish;
				TargetAttributes = {
					FF3A28282136310000EB94B8 = {
						CreatedOnToolsVersion = 9.4.1;
					};
					FF3A28402136310200EB94B8 = {
						CreatedOnToolsVersion = 9.4.1;
						TestTargetID = FF3A28282136310000EB94B8;
					};
				};
			};
			buildConfigurationList = FF3A28242136310000EB94B8 /* Build configuration list for PBXProject "LiveCamera" */;
			compatibilityVersion = "Xcode 9.3";
			developmentRegion = en;
			hasScannedForEncodings = 0;
			knownRegions = (
				en,
				Base,
			);
			mainGroup = FF3A28202136310000EB94B8;
			productRefGroup = FF3A282A2136310000EB94B8 /* Products */;
			projectDirPath = "";
			projectRoot = "";
			targets = (
				FF3A28282136310000EB94B8 /* LiveCamera */,
				FF3A28402136310200EB94B8 /* LiveCameraTests */,
			);
		};
/* End PBXProject section */

/* Begin PBXResourcesBuildPhase section */
		FF3A28272136310000EB94B8 /* Resources */ = {
			isa = PBXResourcesBuildPhase;
			buildActionMask = 2147483647;
			files = (
				FF3A286E2136334600EB94B8 /* PhotoListViewController.xib in Resources */,
				FF3A285F2136332400EB94B8 /* LoginViewController.xib in Resources */,
				FF3A28F72136961C00EB94B8 /* LaunchScreen.xib in Resources */,
				FF3A28362136310200EB94B8 /* Assets.xcassets in Resources */,
				FF3A28642136333200EB94B8 /* LiveViewController.xib in Resources */,
				FF3A28692136333C00EB94B8 /* DeviceListViewController.xib in Resources */,
			);
			runOnlyForDeploymentPostprocessing = 0;
		};
		FF3A283F2136310200EB94B8 /* Resources */ = {
			isa = PBXResourcesBuildPhase;
			buildActionMask = 2147483647;
			files = (
				FF3A28F82136961C00EB94B8 /* LaunchScreen.xib in Resources */,
			);
			runOnlyForDeploymentPostprocessing = 0;
		};
/* End PBXResourcesBuildPhase section */

/* Begin PBXShellScriptBuildPhase section */
		8D94276F8200A907C0DBAA42 /* [CP] Copy Pods Resources */ = {
			isa = PBXShellScriptBuildPhase;
			buildActionMask = 2147483647;
			files = (
			);
			inputPaths = (
				"${SRCROOT}/Pods/Target Support Files/Pods-LiveCamera/Pods-LiveCamera-resources.sh",
				"${PODS_ROOT}/GPUImage/framework/Resources/lookup.png",
				"${PODS_ROOT}/GPUImage/framework/Resources/lookup_amatorka.png",
				"${PODS_ROOT}/GPUImage/framework/Resources/lookup_miss_etikate.png",
				"${PODS_ROOT}/GPUImage/framework/Resources/lookup_soft_elegance_1.png",
				"${PODS_ROOT}/GPUImage/framework/Resources/lookup_soft_elegance_2.png",
				"${PODS_ROOT}/MJRefresh/MJRefresh/MJRefresh.bundle",
				"${PODS_ROOT}/QMUIKit/QMUIKit/QMUIResources/QMUIResources.bundle",
				"${PODS_ROOT}/ZLPhotoBrowser/PhotoBrowser/resource/ZLPhotoActionSheet.xib",
				"${PODS_ROOT}/ZLPhotoBrowser/PhotoBrowser/resource/ZLPhotoBrowserCell.xib",
				"${PODS_ROOT}/ZLPhotoBrowser/PhotoBrowser/resource/ZLPhotoBrowser.bundle",
			);
			name = "[CP] Copy Pods Resources";
			outputPaths = (
				"${TARGET_BUILD_DIR}/${UNLOCALIZED_RESOURCES_FOLDER_PATH}/lookup.png",
				"${TARGET_BUILD_DIR}/${UNLOCALIZED_RESOURCES_FOLDER_PATH}/lookup_amatorka.png",
				"${TARGET_BUILD_DIR}/${UNLOCALIZED_RESOURCES_FOLDER_PATH}/lookup_miss_etikate.png",
				"${TARGET_BUILD_DIR}/${UNLOCALIZED_RESOURCES_FOLDER_PATH}/lookup_soft_elegance_1.png",
				"${TARGET_BUILD_DIR}/${UNLOCALIZED_RESOURCES_FOLDER_PATH}/lookup_soft_elegance_2.png",
				"${TARGET_BUILD_DIR}/${UNLOCALIZED_RESOURCES_FOLDER_PATH}/MJRefresh.bundle",
				"${TARGET_BUILD_DIR}/${UNLOCALIZED_RESOURCES_FOLDER_PATH}/QMUIResources.bundle",
				"${TARGET_BUILD_DIR}/${UNLOCALIZED_RESOURCES_FOLDER_PATH}/ZLPhotoActionSheet.nib",
				"${TARGET_BUILD_DIR}/${UNLOCALIZED_RESOURCES_FOLDER_PATH}/ZLPhotoBrowserCell.nib",
				"${TARGET_BUILD_DIR}/${UNLOCALIZED_RESOURCES_FOLDER_PATH}/ZLPhotoBrowser.bundle",
			);
			runOnlyForDeploymentPostprocessing = 0;
			shellPath = /bin/sh;
			shellScript = "\"${SRCROOT}/Pods/Target Support Files/Pods-LiveCamera/Pods-LiveCamera-resources.sh\"\n";
			showEnvVarsInLog = 0;
		};
		A9F255110E69FF6197DDD09C /* [CP] Check Pods Manifest.lock */ = {
			isa = PBXShellScriptBuildPhase;
			buildActionMask = 2147483647;
			files = (
			);
			inputPaths = (
				"${PODS_PODFILE_DIR_PATH}/Podfile.lock",
				"${PODS_ROOT}/Manifest.lock",
			);
			name = "[CP] Check Pods Manifest.lock";
			outputPaths = (
				"$(DERIVED_FILE_DIR)/Pods-LiveCamera-checkManifestLockResult.txt",
			);
			runOnlyForDeploymentPostprocessing = 0;
			shellPath = /bin/sh;
			shellScript = "diff \"${PODS_PODFILE_DIR_PATH}/Podfile.lock\" \"${PODS_ROOT}/Manifest.lock\" > /dev/null\nif [ $? != 0 ] ; then\n    # print error to STDERR\n    echo \"error: The sandbox is not in sync with the Podfile.lock. Run 'pod install' or update your CocoaPods installation.\" >&2\n    exit 1\nfi\n# This output is used by Xcode 'outputs' to avoid re-running this script phase.\necho \"SUCCESS\" > \"${SCRIPT_OUTPUT_FILE_0}\"\n";
			showEnvVarsInLog = 0;
		};
/* End PBXShellScriptBuildPhase section */

/* Begin PBXSourcesBuildPhase section */
		FF3A28252136310000EB94B8 /* Sources */ = {
			isa = PBXSourcesBuildPhase;
			buildActionMask = 2147483647;
			files = (
				FF3A28B0213634A900EB94B8 /* AppDelegate+ViewController.m in Sources */,
				FF3A28632136333200EB94B8 /* LiveViewController.m in Sources */,
				FF3A28EE2136903500EB94B8 /* QMUIConfigurationTemplate.m in Sources */,
				FF3A28DC21368D9A00EB94B8 /* QDUIHelper.m in Sources */,
				FF3A28862136343F00EB94B8 /* RootNavigationController.m in Sources */,
				FF3A287F2136343900EB94B8 /* ZBNetManagerCache.m in Sources */,
				FF3A28B2213634A900EB94B8 /* UITabBar+CustomBadge.m in Sources */,
				FF3A28B4213634A900EB94B8 /* UIView+Extension.m in Sources */,
				FF3A28B8213634A900EB94B8 /* UIViewController+swizzling.m in Sources */,
				FF3A285E2136332400EB94B8 /* LoginViewController.m in Sources */,
				FF3A28882136343F00EB94B8 /* RootTabBarController.m in Sources */,
				FF3A28682136333C00EB94B8 /* DeviceListViewController.m in Sources */,
				FF3A28CB213641B700EB94B8 /* UtilitesMethods.m in Sources */,
				FF3A28AE213634A900EB94B8 /* AppDelegate+AppService.m in Sources */,
				FF3A287D2136343900EB94B8 /* ZBNetManager.m in Sources */,
				FF3A28C52136374A00EB94B8 /* ViewModelClass.m in Sources */,
				FF3A28BC213634A900EB94B8 /* UIImagePickerController+Additions.m in Sources */,
				FF3A28BA213634A900EB94B8 /* MBProgressHUD+ZBAdditions.m in Sources */,
				FF3A28C0213634A900EB94B8 /* UIColor+Additions.m in Sources */,
				FF3A286D2136334600EB94B8 /* PhotoListViewController.m in Sources */,
				FF3A28DA21368D9A00EB94B8 /* UIImageEffects.m in Sources */,
				FF3A28B6213634A900EB94B8 /* UIImage+Additions.m in Sources */,
				FF3A28D0213641DF00EB94B8 /* UserDefaultUtil.m in Sources */,
				FF3A28792136343900EB94B8 /* UIImage+CompressImage.m in Sources */,
				FF3A28EC2136903500EB94B8 /* QDThemeManager.m in Sources */,
				FF3A283C2136310200EB94B8 /* main.m in Sources */,
				FF3A28BE213634A900EB94B8 /* UIFont+MyFont.m in Sources */,
				FF3A287B2136343900EB94B8 /* ZBDataEntity.m in Sources */,
				FF3A282E2136310000EB94B8 /* AppDelegate.m in Sources */,
				FF3A28DE21368D9A00EB94B8 /* QDCommonUI.m in Sources */,
			);
			runOnlyForDeploymentPostprocessing = 0;
		};
		FF3A283D2136310200EB94B8 /* Sources */ = {
			isa = PBXSourcesBuildPhase;
			buildActionMask = 2147483647;
			files = (
				FF3A28DD21368D9A00EB94B8 /* QDUIHelper.m in Sources */,
				FF3A28DF21368D9A00EB94B8 /* QDCommonUI.m in Sources */,
				FF3A28CC213641B700EB94B8 /* UtilitesMethods.m in Sources */,
				FF3A28B3213634A900EB94B8 /* UITabBar+CustomBadge.m in Sources */,
				FF3A28BD213634A900EB94B8 /* UIImagePickerController+Additions.m in Sources */,
				FF3A28B7213634A900EB94B8 /* UIImage+Additions.m in Sources */,
				FF3A28ED2136903500EB94B8 /* QDThemeManager.m in Sources */,
				FF3A28892136343F00EB94B8 /* RootTabBarController.m in Sources */,
				FF3A28B5213634A900EB94B8 /* UIView+Extension.m in Sources */,
				FF3A28B9213634A900EB94B8 /* UIViewController+swizzling.m in Sources */,
				FF3A28462136310200EB94B8 /* LiveCameraTests.m in Sources */,
				FF3A28C62136374A00EB94B8 /* ViewModelClass.m in Sources */,
				FF3A28BF213634A900EB94B8 /* UIFont+MyFont.m in Sources */,
				FF3A28C1213634A900EB94B8 /* UIColor+Additions.m in Sources */,
				FF3A28872136343F00EB94B8 /* RootNavigationController.m in Sources */,
				FF3A28BB213634A900EB94B8 /* MBProgressHUD+ZBAdditions.m in Sources */,
				FF3A28B1213634A900EB94B8 /* AppDelegate+ViewController.m in Sources */,
				FF3A28EF2136903500EB94B8 /* QMUIConfigurationTemplate.m in Sources */,
				FF3A28802136343900EB94B8 /* ZBNetManagerCache.m in Sources */,
				FF3A28AF213634A900EB94B8 /* AppDelegate+AppService.m in Sources */,
				FF3A287C2136343900EB94B8 /* ZBDataEntity.m in Sources */,
				FF3A28DB21368D9A00EB94B8 /* UIImageEffects.m in Sources */,
				FF3A287A2136343900EB94B8 /* UIImage+CompressImage.m in Sources */,
				FF3A28D1213641DF00EB94B8 /* UserDefaultUtil.m in Sources */,
				FF3A287E2136343900EB94B8 /* ZBNetManager.m in Sources */,
			);
			runOnlyForDeploymentPostprocessing = 0;
		};
/* End PBXSourcesBuildPhase section */

/* Begin PBXTargetDependency section */
		FF3A28432136310200EB94B8 /* PBXTargetDependency */ = {
			isa = PBXTargetDependency;
			target = FF3A28282136310000EB94B8 /* LiveCamera */;
			targetProxy = FF3A28422136310200EB94B8 /* PBXContainerItemProxy */;
		};
/* End PBXTargetDependency section */

/* Begin XCBuildConfiguration section */
		FF3A28482136310200EB94B8 /* Debug */ = {
			isa = XCBuildConfiguration;
			buildSettings = {
				ALWAYS_SEARCH_USER_PATHS = NO;
				CLANG_ANALYZER_NONNULL = YES;
				CLANG_ANALYZER_NUMBER_OBJECT_CONVERSION = YES_AGGRESSIVE;
				CLANG_CXX_LANGUAGE_STANDARD = "gnu++14";
				CLANG_CXX_LIBRARY = "libc++";
				CLANG_ENABLE_MODULES = YES;
				CLANG_ENABLE_OBJC_ARC = YES;
				CLANG_ENABLE_OBJC_WEAK = YES;
				CLANG_WARN_BLOCK_CAPTURE_AUTORELEASING = YES;
				CLANG_WARN_BOOL_CONVERSION = YES;
				CLANG_WARN_COMMA = YES;
				CLANG_WARN_CONSTANT_CONVERSION = YES;
				CLANG_WARN_DEPRECATED_OBJC_IMPLEMENTATIONS = YES;
				CLANG_WARN_DIRECT_OBJC_ISA_USAGE = YES_ERROR;
				CLANG_WARN_DOCUMENTATION_COMMENTS = YES;
				CLANG_WARN_EMPTY_BODY = YES;
				CLANG_WARN_ENUM_CONVERSION = YES;
				CLANG_WARN_INFINITE_RECURSION = YES;
				CLANG_WARN_INT_CONVERSION = YES;
				CLANG_WARN_NON_LITERAL_NULL_CONVERSION = YES;
				CLANG_WARN_OBJC_IMPLICIT_RETAIN_SELF = YES;
				CLANG_WARN_OBJC_LITERAL_CONVERSION = YES;
				CLANG_WARN_OBJC_ROOT_CLASS = YES_ERROR;
				CLANG_WARN_RANGE_LOOP_ANALYSIS = YES;
				CLANG_WARN_STRICT_PROTOTYPES = YES;
				CLANG_WARN_SUSPICIOUS_MOVE = YES;
				CLANG_WARN_UNGUARDED_AVAILABILITY = YES_AGGRESSIVE;
				CLANG_WARN_UNREACHABLE_CODE = YES;
				CLANG_WARN__DUPLICATE_METHOD_MATCH = YES;
				CODE_SIGN_IDENTITY = "iPhone Developer";
				COPY_PHASE_STRIP = NO;
				DEBUG_INFORMATION_FORMAT = dwarf;
				ENABLE_STRICT_OBJC_MSGSEND = YES;
				ENABLE_TESTABILITY = YES;
				GCC_C_LANGUAGE_STANDARD = gnu11;
				GCC_DYNAMIC_NO_PIC = NO;
				GCC_NO_COMMON_BLOCKS = YES;
				GCC_OPTIMIZATION_LEVEL = 0;
				GCC_PREPROCESSOR_DEFINITIONS = (
					"DEBUG=1",
					"$(inherited)",
				);
				GCC_WARN_64_TO_32_BIT_CONVERSION = YES;
				GCC_WARN_ABOUT_RETURN_TYPE = YES_ERROR;
				GCC_WARN_UNDECLARED_SELECTOR = YES;
				GCC_WARN_UNINITIALIZED_AUTOS = YES_AGGRESSIVE;
				GCC_WARN_UNUSED_FUNCTION = YES;
				GCC_WARN_UNUSED_VARIABLE = YES;
				IPHONEOS_DEPLOYMENT_TARGET = 9.0;
				MTL_ENABLE_DEBUG_INFO = YES;
				ONLY_ACTIVE_ARCH = YES;
				SDKROOT = iphoneos;
			};
			name = Debug;
		};
		FF3A28492136310200EB94B8 /* Release */ = {
			isa = XCBuildConfiguration;
			buildSettings = {
				ALWAYS_SEARCH_USER_PATHS = NO;
				CLANG_ANALYZER_NONNULL = YES;
				CLANG_ANALYZER_NUMBER_OBJECT_CONVERSION = YES_AGGRESSIVE;
				CLANG_CXX_LANGUAGE_STANDARD = "gnu++14";
				CLANG_CXX_LIBRARY = "libc++";
				CLANG_ENABLE_MODULES = YES;
				CLANG_ENABLE_OBJC_ARC = YES;
				CLANG_ENABLE_OBJC_WEAK = YES;
				CLANG_WARN_BLOCK_CAPTURE_AUTORELEASING = YES;
				CLANG_WARN_BOOL_CONVERSION = YES;
				CLANG_WARN_COMMA = YES;
				CLANG_WARN_CONSTANT_CONVERSION = YES;
				CLANG_WARN_DEPRECATED_OBJC_IMPLEMENTATIONS = YES;
				CLANG_WARN_DIRECT_OBJC_ISA_USAGE = YES_ERROR;
				CLANG_WARN_DOCUMENTATION_COMMENTS = YES;
				CLANG_WARN_EMPTY_BODY = YES;
				CLANG_WARN_ENUM_CONVERSION = YES;
				CLANG_WARN_INFINITE_RECURSION = YES;
				CLANG_WARN_INT_CONVERSION = YES;
				CLANG_WARN_NON_LITERAL_NULL_CONVERSION = YES;
				CLANG_WARN_OBJC_IMPLICIT_RETAIN_SELF = YES;
				CLANG_WARN_OBJC_LITERAL_CONVERSION = YES;
				CLANG_WARN_OBJC_ROOT_CLASS = YES_ERROR;
				CLANG_WARN_RANGE_LOOP_ANALYSIS = YES;
				CLANG_WARN_STRICT_PROTOTYPES = YES;
				CLANG_WARN_SUSPICIOUS_MOVE = YES;
				CLANG_WARN_UNGUARDED_AVAILABILITY = YES_AGGRESSIVE;
				CLANG_WARN_UNREACHABLE_CODE = YES;
				CLANG_WARN__DUPLICATE_METHOD_MATCH = YES;
				CODE_SIGN_IDENTITY = "iPhone Developer";
				COPY_PHASE_STRIP = NO;
				DEBUG_INFORMATION_FORMAT = "dwarf-with-dsym";
				ENABLE_NS_ASSERTIONS = NO;
				ENABLE_STRICT_OBJC_MSGSEND = YES;
				GCC_C_LANGUAGE_STANDARD = gnu11;
				GCC_NO_COMMON_BLOCKS = YES;
				GCC_WARN_64_TO_32_BIT_CONVERSION = YES;
				GCC_WARN_ABOUT_RETURN_TYPE = YES_ERROR;
				GCC_WARN_UNDECLARED_SELECTOR = YES;
				GCC_WARN_UNINITIALIZED_AUTOS = YES_AGGRESSIVE;
				GCC_WARN_UNUSED_FUNCTION = YES;
				GCC_WARN_UNUSED_VARIABLE = YES;
				IPHONEOS_DEPLOYMENT_TARGET = 9.0;
				MTL_ENABLE_DEBUG_INFO = NO;
				SDKROOT = iphoneos;
				VALIDATE_PRODUCT = YES;
			};
			name = Release;
		};
		FF3A284B2136310200EB94B8 /* Debug */ = {
			isa = XCBuildConfiguration;
			baseConfigurationReference = BB691E5CB95D61515F4D4025 /* Pods-LiveCamera.debug.xcconfig */;
			buildSettings = {
				ASSETCATALOG_COMPILER_APPICON_NAME = AppIcon;
				CODE_SIGN_STYLE = Automatic;
				DEVELOPMENT_TEAM = P76M9BE8DQ;
				GCC_PREFIX_HEADER = "$(SRCROOT)/LiveCamera/AppEntry/LiveCameraPrefixHeader.pch";
				INFOPLIST_FILE = "$(SRCROOT)/LiveCamera/AppEntry/Info.plist";
				IPHONEOS_DEPLOYMENT_TARGET = 9.0;
				LD_RUNPATH_SEARCH_PATHS = (
					"$(inherited)",
					"@executable_path/Frameworks",
				);
				PRODUCT_BUNDLE_IDENTIFIER = bigfish.LiveCamera;
				PRODUCT_NAME = "$(TARGET_NAME)";
				TARGETED_DEVICE_FAMILY = 1;
			};
			name = Debug;
		};
		FF3A284C2136310200EB94B8 /* Release */ = {
			isa = XCBuildConfiguration;
			baseConfigurationReference = E0E60FF40E4C5878D521F01F /* Pods-LiveCamera.release.xcconfig */;
			buildSettings = {
				ASSETCATALOG_COMPILER_APPICON_NAME = AppIcon;
				CODE_SIGN_STYLE = Automatic;
				DEVELOPMENT_TEAM = P76M9BE8DQ;
				GCC_PREFIX_HEADER = "$(SRCROOT)/LiveCamera/AppEntry/LiveCameraPrefixHeader.pch";
				INFOPLIST_FILE = "$(SRCROOT)/LiveCamera/AppEntry/Info.plist";
				IPHONEOS_DEPLOYMENT_TARGET = 9.0;
				LD_RUNPATH_SEARCH_PATHS = (
					"$(inherited)",
					"@executable_path/Frameworks",
				);
				PRODUCT_BUNDLE_IDENTIFIER = bigfish.LiveCamera;
				PRODUCT_NAME = "$(TARGET_NAME)";
				TARGETED_DEVICE_FAMILY = 1;
			};
			name = Release;
		};
		FF3A284E2136310200EB94B8 /* Debug */ = {
			isa = XCBuildConfiguration;
			buildSettings = {
				BUNDLE_LOADER = "$(TEST_HOST)";
				CODE_SIGN_STYLE = Automatic;
				DEVELOPMENT_TEAM = P76M9BE8DQ;
				INFOPLIST_FILE = LiveCameraTests/Info.plist;
				LD_RUNPATH_SEARCH_PATHS = (
					"$(inherited)",
					"@executable_path/Frameworks",
					"@loader_path/Frameworks",
				);
				PRODUCT_BUNDLE_IDENTIFIER = bigfish.LiveCameraTests;
				PRODUCT_NAME = "$(TARGET_NAME)";
				TARGETED_DEVICE_FAMILY = "1,2";
				TEST_HOST = "$(BUILT_PRODUCTS_DIR)/LiveCamera.app/LiveCamera";
			};
			name = Debug;
		};
		FF3A284F2136310200EB94B8 /* Release */ = {
			isa = XCBuildConfiguration;
			buildSettings = {
				BUNDLE_LOADER = "$(TEST_HOST)";
				CODE_SIGN_STYLE = Automatic;
				DEVELOPMENT_TEAM = P76M9BE8DQ;
				INFOPLIST_FILE = LiveCameraTests/Info.plist;
				LD_RUNPATH_SEARCH_PATHS = (
					"$(inherited)",
					"@executable_path/Frameworks",
					"@loader_path/Frameworks",
				);
				PRODUCT_BUNDLE_IDENTIFIER = bigfish.LiveCameraTests;
				PRODUCT_NAME = "$(TARGET_NAME)";
				TARGETED_DEVICE_FAMILY = "1,2";
				TEST_HOST = "$(BUILT_PRODUCTS_DIR)/LiveCamera.app/LiveCamera";
			};
			name = Release;
		};
/* End XCBuildConfiguration section */

/* Begin XCConfigurationList section */
		FF3A28242136310000EB94B8 /* Build configuration list for PBXProject "LiveCamera" */ = {
			isa = XCConfigurationList;
			buildConfigurations = (
				FF3A28482136310200EB94B8 /* Debug */,
				FF3A28492136310200EB94B8 /* Release */,
			);
			defaultConfigurationIsVisible = 0;
			defaultConfigurationName = Release;
		};
		FF3A284A2136310200EB94B8 /* Build configuration list for PBXNativeTarget "LiveCamera" */ = {
			isa = XCConfigurationList;
			buildConfigurations = (
				FF3A284B2136310200EB94B8 /* Debug */,
				FF3A284C2136310200EB94B8 /* Release */,
			);
			defaultConfigurationIsVisible = 0;
			defaultConfigurationName = Release;
		};
		FF3A284D2136310200EB94B8 /* Build configuration list for PBXNativeTarget "LiveCameraTests" */ = {
			isa = XCConfigurationList;
			buildConfigurations = (
				FF3A284E2136310200EB94B8 /* Debug */,
				FF3A284F2136310200EB94B8 /* Release */,
			);
			defaultConfigurationIsVisible = 0;
			defaultConfigurationName = Release;
		};
/* End XCConfigurationList section */
	};
	rootObject = FF3A28212136310000EB94B8 /* Project object */;
}
